// !$*UTF8*$!
{
	archiveVersion = 1;
	classes = {
	};
	objectVersion = 77;
	objects = {

/* Begin PBXBuildFile section */
		FA000000000000000000000C /* PhinanzWidgetExtension.appex in Embed Foundation Extensions */ = {isa = PBXBuildFile; fileRef = FA0000000000000000000001 /* PhinanzWidgetExtension.appex */; settings = {ATTRIBUTES = (RemoveHeadersOnCopy, ); }; };
/* End PBXBuildFile section */

/* Begin PBXContainerItemProxy section */
		D800918A2F8876820032B03A /* PBXContainerItemProxy */ = {
			isa = PBXContainerItemProxy;
			containerPortal = D80091702F8876800032B03A /* Project object */;
			proxyType = 1;
			remoteGlobalIDString = D80091772F8876800032B03A;
			remoteInfo = Phinanz;
		};
		D80091942F8876820032B03A /* PBXContainerItemProxy */ = {
			isa = PBXContainerItemProxy;
			containerPortal = D80091702F8876800032B03A /* Project object */;
			proxyType = 1;
			remoteGlobalIDString = D80091772F8876800032B03A;
			remoteInfo = Phinanz;
		};
		FA000000000000000000000D /* PBXContainerItemProxy */ = {
			isa = PBXContainerItemProxy;
			containerPortal = D80091702F8876800032B03A /* Project object */;
			proxyType = 1;
			remoteGlobalIDString = FA0000000000000000000004;
			remoteInfo = PhinanzWidgetExtension;
		};
/* End PBXContainerItemProxy section */

/* Begin PBXCopyFilesBuildPhase section */
		FA000000000000000000000B /* Embed Foundation Extensions */ = {
			isa = PBXCopyFilesBuildPhase;
			buildActionMask = 2147483647;
			dstPath = "";
			dstSubfolderSpec = 13;
			files = (
				FA000000000000000000000C /* PhinanzWidgetExtension.appex in Embed Foundation Extensions */,
			);
			name = "Embed Foundation Extensions";
			runOnlyForDeploymentPostprocessing = 0;
		};
/* End PBXCopyFilesBuildPhase section */

/* Begin PBXFileReference section */
		D80091782F8876800032B03A /* Phinanz.app */ = {isa = PBXFileReference; explicitFileType = wrapper.application; includeInIndex = 0; path = Phinanz.app; sourceTree = BUILT_PRODUCTS_DIR; };
		D80091892F8876820032B03A /* PhinanzTests.xctest */ = {isa = PBXFileReference; explicitFileType = wrapper.cfbundle; includeInIndex = 0; path = PhinanzTests.xctest; sourceTree = BUILT_PRODUCTS_DIR; };
		D80091932F8876820032B03A /* PhinanzUITests.xctest */ = {isa = PBXFileReference; explicitFileType = wrapper.cfbundle; includeInIndex = 0; path = PhinanzUITests.xctest; sourceTree = BUILT_PRODUCTS_DIR; };
		FA0000000000000000000001 /* PhinanzWidgetExtension.appex */ = {isa = PBXFileReference; explicitFileType = "wrapper.app-extension"; includeInIndex = 0; path = PhinanzWidgetExtension.appex; sourceTree = BUILT_PRODUCTS_DIR; };
/* End PBXFileReference section */

/* Begin PBXFileSystemSynchronizedBuildFileExceptionSet section */
		D800919B2F8876820032B03A /* Exceptions for "Phinanz" folder in "Phinanz" target */ = {
			isa = PBXFileSystemSynchronizedBuildFileExceptionSet;
			membershipExceptions = (
				Info.plist,
			);
			target = D80091772F8876800032B03A /* Phinanz */;
		};
		FA0000000000000000000003 /* Exceptions for "PhinanzWidget" folder in "PhinanzWidgetExtension" target */ = {
			isa = PBXFileSystemSynchronizedBuildFileExceptionSet;
			membershipExceptions = (
				Info.plist,
			);
			target = FA0000000000000000000004 /* PhinanzWidgetExtension */;
		};
/* End PBXFileSystemSynchronizedBuildFileExceptionSet section */

/* Begin PBXFileSystemSynchronizedRootGroup section */
		D800917A2F8876800032B03A /* Phinanz */ = {
			isa = PBXFileSystemSynchronizedRootGroup;
			exceptions = (
				D800919B2F8876820032B03A /* Exceptions for "Phinanz" folder in "Phinanz" target */,
			);
			path = Phinanz;
			sourceTree = "<group>";
		};
		D800918C2F8876820032B03A /* PhinanzTests */ = {
			isa = PBXFileSystemSynchronizedRootGroup;
			path = PhinanzTests;
			sourceTree = "<group>";
		};
		D80091962F8876820032B03A /* PhinanzUITests */ = {
			isa = PBXFileSystemSynchronizedRootGroup;
			path = PhinanzUITests;
			sourceTree = "<group>";
		};
		FA0000000000000000000002 /* PhinanzWidget */ = {
			isa = PBXFileSystemSynchronizedRootGroup;
			exceptions = (
				FA0000000000000000000003 /* Exceptions for "PhinanzWidget" folder in "PhinanzWidgetExtension" target */,
			);
			path = PhinanzWidget;
			sourceTree = "<group>";
		};
/* End PBXFileSystemSynchronizedRootGroup section */

/* Begin PBXFrameworksBuildPhase section */
		D80091752F8876800032B03A /* Frameworks */ = {
			isa = PBXFrameworksBuildPhase;
			buildActionMask = 2147483647;
			files = (
			);
			runOnlyForDeploymentPostprocessing = 0;
		};
		D80091862F8876820032B03A /* Frameworks */ = {
			isa = PBXFrameworksBuildPhase;
			buildActionMask = 2147483647;
			files = (
			);
			runOnlyForDeploymentPostprocessing = 0;
		};
		D80091902F8876820032B03A /* Frameworks */ = {
			isa = PBXFrameworksBuildPhase;
			buildActionMask = 2147483647;
			files = (
			);
			runOnlyForDeploymentPostprocessing = 0;
		};
		FA0000000000000000000006 /* Frameworks */ = {
			isa = PBXFrameworksBuildPhase;
			buildActionMask = 2147483647;
			files = (
			);
			runOnlyForDeploymentPostprocessing = 0;
		};
/* End PBXFrameworksBuildPhase section */

/* Begin PBXGroup section */
		D800916F2F8876800032B03A = {
			isa = PBXGroup;
			children = (
				D800917A2F8876800032B03A /* Phinanz */,
				D800918C2F8876820032B03A /* PhinanzTests */,
				D80091962F8876820032B03A /* PhinanzUITests */,
				FA0000000000000000000002 /* PhinanzWidget */,
				D80091792F8876800032B03A /* Products */,
			);
			sourceTree = "<group>";
		};
		D80091792F8876800032B03A /* Products */ = {
			isa = PBXGroup;
			children = (
				D80091782F8876800032B03A /* Phinanz.app */,
				D80091892F8876820032B03A /* PhinanzTests.xctest */,
				D80091932F8876820032B03A /* PhinanzUITests.xctest */,
				FA0000000000000000000001 /* PhinanzWidgetExtension.appex */,
			);
			name = Products;
			sourceTree = "<group>";
		};
/* End PBXGroup section */

/* Begin PBXNativeTarget section */
		D80091772F8876800032B03A /* Phinanz */ = {
			isa = PBXNativeTarget;
			buildConfigurationList = D800919C2F8876820032B03A /* Build configuration list for PBXNativeTarget "Phinanz" */;
			buildPhases = (
				D80091742F8876800032B03A /* Sources */,
				D80091752F8876800032B03A /* Frameworks */,
				D80091762F8876800032B03A /* Resources */,
				FA000000000000000000000B /* Embed Foundation Extensions */,
			);
			buildRules = (
			);
			dependencies = (
				FA000000000000000000000E /* PBXTargetDependency */,
			);
			fileSystemSynchronizedGroups = (
				D800917A2F8876800032B03A /* Phinanz */,
			);
			name = Phinanz;
			packageProductDependencies = (
			);
			productName = Phinanz;
			productReference = D80091782F8876800032B03A /* Phinanz.app */;
			productType = "com.apple.product-type.application";
		};
		D80091882F8876820032B03A /* PhinanzTests */ = {
			isa = PBXNativeTarget;
			buildConfigurationList = D80091A12F8876820032B03A /* Build configuration list for PBXNativeTarget "PhinanzTests" */;
			buildPhases = (
				D80091852F8876820032B03A /* Sources */,
				D80091862F8876820032B03A /* Frameworks */,
				D80091872F8876820032B03A /* Resources */,
			);
			buildRules = (
			);
			dependencies = (
				D800918B2F8876820032B03A /* PBXTargetDependency */,
			);
			fileSystemSynchronizedGroups = (
				D800918C2F8876820032B03A /* PhinanzTests */,
			);
			name = PhinanzTests;
			packageProductDependencies = (
			);
			productName = PhinanzTests;
			productReference = D80091892F8876820032B03A /* PhinanzTests.xctest */;
			productType = "com.apple.product-type.bundle.unit-test";
		};
		D80091922F8876820032B03A /* PhinanzUITests */ = {
			isa = PBXNativeTarget;
			buildConfigurationList = D80091A42F8876820032B03A /* Build configuration list for PBXNativeTarget "PhinanzUITests" */;
			buildPhases = (
				D800918F2F8876820032B03A /* Sources */,
				D80091902F8876820032B03A /* Frameworks */,
				D80091912F8876820032B03A /* Resources */,
			);
			buildRules = (
			);
			dependencies = (
				D80091952F8876820032B03A /* PBXTargetDependency */,
			);
			fileSystemSynchronizedGroups = (
				D80091962F8876820032B03A /* PhinanzUITests */,
			);
			name = PhinanzUITests;
			packageProductDependencies = (
			);
			productName = PhinanzUITests;
			productReference = D80091932F8876820032B03A /* PhinanzUITests.xctest */;
			productType = "com.apple.product-type.bundle.ui-testing";
		};
		FA0000000000000000000004 /* PhinanzWidgetExtension */ = {
			isa = PBXNativeTarget;
			buildConfigurationList = FA0000000000000000000008 /* Build configuration list for PBXNativeTarget "PhinanzWidgetExtension" */;
			buildPhases = (
				FA0000000000000000000005 /* Sources */,
				FA0000000000000000000006 /* Frameworks */,
				FA0000000000000000000007 /* Resources */,
			);
			buildRules = (
			);
			dependencies = (
			);
			fileSystemSynchronizedGroups = (
				FA0000000000000000000002 /* PhinanzWidget */,
			);
			name = PhinanzWidgetExtension;
			packageProductDependencies = (
			);
			productName = PhinanzWidgetExtension;
			productReference = FA0000000000000000000001 /* PhinanzWidgetExtension.appex */;
			productType = "com.apple.product-type.app-extension";
		};
/* End PBXNativeTarget section */

/* Begin PBXProject section */
		D80091702F8876800032B03A /* Project object */ = {
			isa = PBXProject;
			attributes = {
				BuildIndependentTargetsInParallel = 1;
				LastSwiftUpdateCheck = 2640;
				LastUpgradeCheck = 2700;
				TargetAttributes = {
					D80091772F8876800032B03A = {
						CreatedOnToolsVersion = 26.4;
					};
					D80091882F8876820032B03A = {
						CreatedOnToolsVersion = 26.4;
						TestTargetID = D80091772F8876800032B03A;
					};
					D80091922F8876820032B03A = {
						CreatedOnToolsVersion = 26.4;
						TestTargetID = D80091772F8876800032B03A;
					};
					FA0000000000000000000004 = {
						CreatedOnToolsVersion = 26.4;
					};
				};
			};
			buildConfigurationList = D80091732F8876800032B03A /* Build configuration list for PBXProject "Phinanz" */;
			developmentRegion = en;
			hasScannedForEncodings = 0;
			knownRegions = (
				en,
				Base,
				de,
				fa,
			);
			mainGroup = D800916F2F8876800032B03A;
			minimizedProjectReferenceProxies = 1;
			preferredProjectObjectVersion = 77;
			productRefGroup = D80091792F8876800032B03A /* Products */;
			projectDirPath = "";
			projectRoot = "";
			targets = (
				D80091772F8876800032B03A /* Phinanz */,
				D80091882F8876820032B03A /* PhinanzTests */,
				D80091922F8876820032B03A /* PhinanzUITests */,
				FA0000000000000000000004 /* PhinanzWidgetExtension */,
			);
		};
/* End PBXProject section */

/* Begin PBXResourcesBuildPhase section */
		D80091762F8876800032B03A /* Resources */ = {
			isa = PBXResourcesBuildPhase;
			buildActionMask = 2147483647;
			files = (
			);
			runOnlyForDeploymentPostprocessing = 0;
		};
		D80091872F8876820032B03A /* Resources */ = {
			isa = PBXResourcesBuildPhase;
			buildActionMask = 2147483647;
			files = (
			);
			runOnlyForDeploymentPostprocessing = 0;
		};
		D80091912F8876820032B03A /* Resources */ = {
			isa = PBXResourcesBuildPhase;
			buildActionMask = 2147483647;
			files = (
			);
			runOnlyForDeploymentPostprocessing = 0;
		};
		FA0000000000000000000007 /* Resources */ = {
			isa = PBXResourcesBuildPhase;
			buildActionMask = 2147483647;
			files = (
			);
			runOnlyForDeploymentPostprocessing = 0;
		};
/* End PBXResourcesBuildPhase section */

/* Begin PBXSourcesBuildPhase section */
		D80091742F8876800032B03A /* Sources */ = {
			isa = PBXSourcesBuildPhase;
			buildActionMask = 2147483647;
			files = (
			);
			runOnlyForDeploymentPostprocessing = 0;
		};
		D80091852F8876820032B03A /* Sources */ = {
			isa = PBXSourcesBuildPhase;
			buildActionMask = 2147483647;
			files = (
			);
			runOnlyForDeploymentPostprocessing = 0;
		};
		D800918F2F8876820032B03A /* Sources */ = {
			isa = PBXSourcesBuildPhase;
			buildActionMask = 2147483647;
			files = (
			);
			runOnlyForDeploymentPostprocessing = 0;
		};
		FA0000000000000000000005 /* Sources */ = {
			isa = PBXSourcesBuildPhase;
			buildActionMask = 2147483647;
			files = (
			);
			runOnlyForDeploymentPostprocessing = 0;
		};
/* End PBXSourcesBuildPhase section */

/* Begin PBXTargetDependency section */
		D800918B2F8876820032B03A /* PBXTargetDependency */ = {
			isa = PBXTargetDependency;
			target = D80091772F8876800032B03A /* Phinanz */;
			targetProxy = D800918A2F8876820032B03A /* PBXContainerItemProxy */;
		};
		D80091952F8876820032B03A /* PBXTargetDependency */ = {
			isa = PBXTargetDependency;
			target = D80091772F8876800032B03A /* Phinanz */;
			targetProxy = D80091942F8876820032B03A /* PBXContainerItemProxy */;
		};
		FA000000000000000000000E /* PBXTargetDependency */ = {
			isa = PBXTargetDependency;
			target = FA0000000000000000000004 /* PhinanzWidgetExtension */;
			targetProxy = FA000000000000000000000D /* PBXContainerItemProxy */;
		};
/* End PBXTargetDependency section */

/* Begin XCBuildConfiguration section */
		D800919D2F8876820032B03A /* Debug */ = {
			isa = XCBuildConfiguration;
			buildSettings = {
				ASSETCATALOG_COMPILER_APPICON_NAME = AppIcon;
				ASSETCATALOG_COMPILER_GLOBAL_ACCENT_COLOR_NAME = AccentColor;
				CODE_SIGN_ENTITLEMENTS = Phinanz/Phinanz.entitlements;
				CODE_SIGN_STYLE = Automatic;
				CURRENT_PROJECT_VERSION = 1;
				ENABLE_PREVIEWS = YES;
				GENERATE_INFOPLIST_FILE = YES;
				INFOPLIST_FILE = Phinanz/Info.plist;
				INFOPLIST_KEY_CFBundleDisplayName = PHINANZ;
				INFOPLIST_KEY_NSCameraUsageDescription = "PHINANZ uses the camera to scan receipts and bank documents.";
				INFOPLIST_KEY_NSFaceIDUsageDescription = "PHINANZ uses Face ID to keep your financial journal private.";
				INFOPLIST_KEY_NSMicrophoneUsageDescription = "PHINANZ uses the microphone to record voice notes that you can turn into journal entries.";
				INFOPLIST_KEY_UIApplicationSceneManifest_Generation = YES;
				INFOPLIST_KEY_UIApplicationSupportsIndirectInputEvents = YES;
				INFOPLIST_KEY_UILaunchScreen_Generation = YES;
				INFOPLIST_KEY_UISupportedInterfaceOrientations_iPad = "UIInterfaceOrientationPortrait UIInterfaceOrientationPortraitUpsideDown UIInterfaceOrientationLandscapeLeft UIInterfaceOrientationLandscapeRight";
				INFOPLIST_KEY_UISupportedInterfaceOrientations_iPhone = "UIInterfaceOrientationPortrait UIInterfaceOrientationLandscapeLeft UIInterfaceOrientationLandscapeRight";
				LD_RUNPATH_SEARCH_PATHS = (
					"$(inherited)",
					"@executable_path/Frameworks",
				);
				MARKETING_VERSION = 1.0;
				PRODUCT_BUNDLE_IDENTIFIER = Farhan.Phinanz;
				PRODUCT_NAME = "$(TARGET_NAME)";
				STRING_CATALOG_GENERATE_SYMBOLS = YES;
				SWIFT_APPROACHABLE_CONCURRENCY = YES;
				SWIFT_DEFAULT_ACTOR_ISOLATION = MainActor;
				SWIFT_EMIT_LOC_STRINGS = YES;
				SWIFT_UPCOMING_FEATURE_MEMBER_IMPORT_VISIBILITY = YES;
				SWIFT_VERSION = 5.0;
				TARGETED_DEVICE_FAMILY = "1,2";
			};
			name = Debug;
		};
		D800919E2F8876820032B03A /* Release */ = {
			isa = XCBuildConfiguration;
			buildSettings = {
				ASSETCATALOG_COMPILER_APPICON_NAME = AppIcon;
				ASSETCATALOG_COMPILER_GLOBAL_ACCENT_COLOR_NAME = AccentColor;
				CODE_SIGN_ENTITLEMENTS = Phinanz/Phinanz.entitlements;
				CODE_SIGN_STYLE = Automatic;
				CURRENT_PROJECT_VERSION = 1;
				ENABLE_PREVIEWS = YES;
				GENERATE_INFOPLIST_FILE = YES;
				INFOPLIST_FILE = Phinanz/Info.plist;
				INFOPLIST_KEY_CFBundleDisplayName = PHINANZ;
				INFOPLIST_KEY_NSCameraUsageDescription = "PHINANZ uses the camera to scan receipts and bank documents.";
				INFOPLIST_KEY_NSFaceIDUsageDescription = "PHINANZ uses Face ID to keep your financial journal private.";
				INFOPLIST_KEY_NSMicrophoneUsageDescription = "PHINANZ uses the microphone to record voice notes that you can turn into journal entries.";
				INFOPLIST_KEY_UIApplicationSceneManifest_Generation = YES;
				INFOPLIST_KEY_UIApplicationSupportsIndirectInputEvents = YES;
				INFOPLIST_KEY_UILaunchScreen_Generation = YES;
				INFOPLIST_KEY_UISupportedInterfaceOrientations_iPad = "UIInterfaceOrientationPortrait UIInterfaceOrientationPortraitUpsideDown UIInterfaceOrientationLandscapeLeft UIInterfaceOrientationLandscapeRight";
				INFOPLIST_KEY_UISupportedInterfaceOrientations_iPhone = "UIInterfaceOrientationPortrait UIInterfaceOrientationLandscapeLeft UIInterfaceOrientationLandscapeRight";
				LD_RUNPATH_SEARCH_PATHS = (
					"$(inherited)",
					"@executable_path/Frameworks",
				);
				MARKETING_VERSION = 1.0;
				PRODUCT_BUNDLE_IDENTIFIER = Farhan.Phinanz;
				PRODUCT_NAME = "$(TARGET_NAME)";
				STRING_CATALOG_GENERATE_SYMBOLS = YES;
				SWIFT_APPROACHABLE_CONCURRENCY = YES;
				SWIFT_DEFAULT_ACTOR_ISOLATION = MainActor;
				SWIFT_EMIT_LOC_STRINGS = YES;
				SWIFT_UPCOMING_FEATURE_MEMBER_IMPORT_VISIBILITY = YES;
				SWIFT_VERSION = 5.0;
				TARGETED_DEVICE_FAMILY = "1,2";
			};
			name = Release;
		};
		D800919F2F8876820032B03A /* Debug */ = {
			isa = XCBuildConfiguration;
			buildSettings = {
				ALWAYS_SEARCH_USER_PATHS = NO;
				ASSETCATALOG_COMPILER_GENERATE_SWIFT_ASSET_SYMBOL_EXTENSIONS = YES;
				CLANG_ANALYZER_NONNULL = YES;
				CLANG_ANALYZER_NUMBER_OBJECT_CONVERSION = YES_AGGRESSIVE;
				CLANG_CXX_LANGUAGE_STANDARD = "gnu++20";
				CLANG_ENABLE_MODULES = YES;
				CLANG_ENABLE_OBJC_ARC = YES;
				CLANG_ENABLE_OBJC_WEAK = YES;
				CLANG_WARN_BLOCK_CAPTURE_AUTORELEASING = YES;
				CLANG_WARN_BOOL_CONVERSION = YES;
				CLANG_WARN_COMMA = YES;
				CLANG_WARN_CONSTANT_CONVERSION = YES;
				CLANG_WARN_DEPRECATED_OBJC_IMPLEMENTATIONS = YES;
				CLANG_WARN_DIRECT_OBJC_ISA_USAGE = YES_ERROR;
				CLANG_WARN_DOCUMENTATION_COMMENTS = YES;
				CLANG_WARN_EMPTY_BODY = YES;
				CLANG_WARN_ENUM_CONVERSION = YES;
				CLANG_WARN_INFINITE_RECURSION = YES;
				CLANG_WARN_INT_CONVERSION = YES;
				CLANG_WARN_NON_LITERAL_NULL_CONVERSION = YES;
				CLANG_WARN_OBJC_IMPLICIT_RETAIN_SELF = YES;
				CLANG_WARN_OBJC_LITERAL_CONVERSION = YES;
				CLANG_WARN_OBJC_ROOT_CLASS = YES_ERROR;
				CLANG_WARN_QUOTED_INCLUDE_IN_FRAMEWORK_HEADER = YES;
				CLANG_WARN_RANGE_LOOP_ANALYSIS = YES;
				CLANG_WARN_STRICT_PROTOTYPES = YES;
				CLANG_WARN_SUSPICIOUS_MOVE = YES;
				CLANG_WARN_UNGUARDED_AVAILABILITY = YES_AGGRESSIVE;
				CLANG_WARN_UNREACHABLE_CODE = YES;
				CLANG_WARN__DUPLICATE_METHOD_MATCH = YES;
				COPY_PHASE_STRIP = NO;
				DEBUG_INFORMATION_FORMAT = dwarf;
				ENABLE_STRICT_OBJC_MSGSEND = YES;
				ENABLE_TESTABILITY = YES;
				ENABLE_USER_SCRIPT_SANDBOXING = YES;
				GCC_C_LANGUAGE_STANDARD = gnu17;
				GCC_DYNAMIC_NO_PIC = NO;
				GCC_NO_COMMON_BLOCKS = YES;
				GCC_OPTIMIZATION_LEVEL = 0;
				GCC_PREPROCESSOR_DEFINITIONS = (
					"DEBUG=1",
					"$(inherited)",
				);
				GCC_WARN_64_TO_32_BIT_CONVERSION = YES;
				GCC_WARN_ABOUT_RETURN_TYPE = YES_ERROR;
				GCC_WARN_UNDECLARED_SELECTOR = YES;
				GCC_WARN_UNINITIALIZED_AUTOS = YES_AGGRESSIVE;
				GCC_WARN_UNUSED_FUNCTION = YES;
				GCC_WARN_UNUSED_VARIABLE = YES;
				IPHONEOS_DEPLOYMENT_TARGET = 26.4;
				LOCALIZATION_PREFERS_STRING_CATALOGS = YES;
				MTL_ENABLE_DEBUG_INFO = INCLUDE_SOURCE;
				MTL_FAST_MATH = YES;
				ONLY_ACTIVE_ARCH = YES;
				SDKROOT = iphoneos;
				STRING_CATALOG_GENERATE_SYMBOLS = YES;
				SWIFT_ACTIVE_COMPILATION_CONDITIONS = "DEBUG $(inherited)";
				SWIFT_OPTIMIZATION_LEVEL = "-Onone";
			};
			name = Debug;
		};
		D80091A02F8876820032B03A /* Release */ = {
			isa = XCBuildConfiguration;
			buildSettings = {
				ALWAYS_SEARCH_USER_PATHS = NO;
				ASSETCATALOG_COMPILER_GENERATE_SWIFT_ASSET_SYMBOL_EXTENSIONS = YES;
				CLANG_ANALYZER_NONNULL = YES;
				CLANG_ANALYZER_NUMBER_OBJECT_CONVERSION = YES_AGGRESSIVE;
				CLANG_CXX_LANGUAGE_STANDARD = "gnu++20";
				CLANG_ENABLE_MODULES = YES;
				CLANG_ENABLE_OBJC_ARC = YES;
				CLANG_ENABLE_OBJC_WEAK = YES;
				CLANG_WARN_BLOCK_CAPTURE_AUTORELEASING = YES;
				CLANG_WARN_BOOL_CONVERSION = YES;
				CLANG_WARN_COMMA = YES;
				CLANG_WARN_CONSTANT_CONVERSION = YES;
				CLANG_WARN_DEPRECATED_OBJC_IMPLEMENTATIONS = YES;
				CLANG_WARN_DIRECT_OBJC_ISA_USAGE = YES_ERROR;
				CLANG_WARN_DOCUMENTATION_COMMENTS = YES;
				CLANG_WARN_EMPTY_BODY = YES;
				CLANG_WARN_ENUM_CONVERSION = YES;
				CLANG_WARN_INFINITE_RECURSION = YES;
				CLANG_WARN_INT_CONVERSION = YES;
				CLANG_WARN_NON_LITERAL_NULL_CONVERSION = YES;
				CLANG_WARN_OBJC_IMPLICIT_RETAIN_SELF = YES;
				CLANG_WARN_OBJC_LITERAL_CONVERSION = YES;
				CLANG_WARN_OBJC_ROOT_CLASS = YES_ERROR;
				CLANG_WARN_QUOTED_INCLUDE_IN_FRAMEWORK_HEADER = YES;
				CLANG_WARN_RANGE_LOOP_ANALYSIS = YES;
				CLANG_WARN_STRICT_PROTOTYPES = YES;
				CLANG_WARN_SUSPICIOUS_MOVE = YES;
				CLANG_WARN_UNGUARDED_AVAILABILITY = YES_AGGRESSIVE;
				CLANG_WARN_UNREACHABLE_CODE = YES;
				CLANG_WARN__DUPLICATE_METHOD_MATCH = YES;
				COPY_PHASE_STRIP = NO;
				DEBUG_INFORMATION_FORMAT = "dwarf-with-dsym";
				ENABLE_NS_ASSERTIONS = NO;
				ENABLE_STRICT_OBJC_MSGSEND = YES;
				ENABLE_USER_SCRIPT_SANDBOXING = YES;
				GCC_C_LANGUAGE_STANDARD = gnu17;
				GCC_NO_COMMON_BLOCKS = YES;
				GCC_WARN_64_TO_32_BIT_CONVERSION = YES;
				GCC_WARN_ABOUT_RETURN_TYPE = YES_ERROR;
				GCC_WARN_UNDECLARED_SELECTOR = YES;
				GCC_WARN_UNINITIALIZED_AUTOS = YES_AGGRESSIVE;
				GCC_WARN_UNUSED_FUNCTION = YES;
				GCC_WARN_UNUSED_VARIABLE = YES;
				IPHONEOS_DEPLOYMENT_TARGET = 26.4;
				LOCALIZATION_PREFERS_STRING_CATALOGS = YES;
				MTL_ENABLE_DEBUG_INFO = NO;
				MTL_FAST_MATH = YES;
				SDKROOT = iphoneos;
				STRING_CATALOG_GENERATE_SYMBOLS = YES;
				SWIFT_COMPILATION_MODE = wholemodule;
				VALIDATE_PRODUCT = YES;
			};
			name = Release;
		};
		D80091A22F8876820032B03A /* Debug */ = {
			isa = XCBuildConfiguration;
			buildSettings = {
				BUNDLE_LOADER = "$(TEST_HOST)";
				CODE_SIGN_STYLE = Automatic;
				CURRENT_PROJECT_VERSION = 1;
				GENERATE_INFOPLIST_FILE = YES;
				IPHONEOS_DEPLOYMENT_TARGET = 26.4;
				MARKETING_VERSION = 1.0;
				PRODUCT_BUNDLE_IDENTIFIER = Farhan.PhinanzTests;
				PRODUCT_NAME = "$(TARGET_NAME)";
				STRING_CATALOG_GENERATE_SYMBOLS = NO;
				SWIFT_APPROACHABLE_CONCURRENCY = YES;
				SWIFT_EMIT_LOC_STRINGS = NO;
				SWIFT_UPCOMING_FEATURE_MEMBER_IMPORT_VISIBILITY = YES;
				SWIFT_VERSION = 5.0;
				TARGETED_DEVICE_FAMILY = "1,2";
				TEST_HOST = "$(BUILT_PRODUCTS_DIR)/Phinanz.app/$(BUNDLE_EXECUTABLE_FOLDER_PATH)/Phinanz";
			};
			name = Debug;
		};
		D80091A32F8876820032B03A /* Release */ = {
			isa = XCBuildConfiguration;
			buildSettings = {
				BUNDLE_LOADER = "$(TEST_HOST)";
				CODE_SIGN_STYLE = Automatic;
				CURRENT_PROJECT_VERSION = 1;
				GENERATE_INFOPLIST_FILE = YES;
				IPHONEOS_DEPLOYMENT_TARGET = 26.4;
				MARKETING_VERSION = 1.0;
				PRODUCT_BUNDLE_IDENTIFIER = Farhan.PhinanzTests;
				PRODUCT_NAME = "$(TARGET_NAME)";
				STRING_CATALOG_GENERATE_SYMBOLS = NO;
				SWIFT_APPROACHABLE_CONCURRENCY = YES;
				SWIFT_EMIT_LOC_STRINGS = NO;
				SWIFT_UPCOMING_FEATURE_MEMBER_IMPORT_VISIBILITY = YES;
				SWIFT_VERSION = 5.0;
				TARGETED_DEVICE_FAMILY = "1,2";
				TEST_HOST = "$(BUILT_PRODUCTS_DIR)/Phinanz.app/$(BUNDLE_EXECUTABLE_FOLDER_PATH)/Phinanz";
			};
			name = Release;
		};
		D80091A52F8876820032B03A /* Debug */ = {
			isa = XCBuildConfiguration;
			buildSettings = {
				CODE_SIGN_STYLE = Automatic;
				CURRENT_PROJECT_VERSION = 1;
				GENERATE_INFOPLIST_FILE = YES;
				MARKETING_VERSION = 1.0;
				PRODUCT_BUNDLE_IDENTIFIER = Farhan.PhinanzUITests;
				PRODUCT_NAME = "$(TARGET_NAME)";
				STRING_CATALOG_GENERATE_SYMBOLS = NO;
				SWIFT_APPROACHABLE_CONCURRENCY = YES;
				SWIFT_EMIT_LOC_STRINGS = NO;
				SWIFT_UPCOMING_FEATURE_MEMBER_IMPORT_VISIBILITY = YES;
				SWIFT_VERSION = 5.0;
				TARGETED_DEVICE_FAMILY = "1,2";
				TEST_TARGET_NAME = Phinanz;
			};
			name = Debug;
		};
		D80091A62F8876820032B03A /* Release */ = {
			isa = XCBuildConfiguration;
			buildSettings = {
				CODE_SIGN_STYLE = Automatic;
				CURRENT_PROJECT_VERSION = 1;
				GENERATE_INFOPLIST_FILE = YES;
				MARKETING_VERSION = 1.0;
				PRODUCT_BUNDLE_IDENTIFIER = Farhan.PhinanzUITests;
				PRODUCT_NAME = "$(TARGET_NAME)";
				STRING_CATALOG_GENERATE_SYMBOLS = NO;
				SWIFT_APPROACHABLE_CONCURRENCY = YES;
				SWIFT_EMIT_LOC_STRINGS = NO;
				SWIFT_UPCOMING_FEATURE_MEMBER_IMPORT_VISIBILITY = YES;
				SWIFT_VERSION = 5.0;
				TARGETED_DEVICE_FAMILY = "1,2";
				TEST_TARGET_NAME = Phinanz;
			};
			name = Release;
		};
		FA0000000000000000000009 /* Debug */ = {
			isa = XCBuildConfiguration;
			buildSettings = {
				CODE_SIGN_ENTITLEMENTS = PhinanzWidget/PhinanzWidget.entitlements;
				CODE_SIGN_STYLE = Automatic;
				CURRENT_PROJECT_VERSION = 1;
				GENERATE_INFOPLIST_FILE = YES;
				INFOPLIST_FILE = PhinanzWidget/Info.plist;
				INFOPLIST_KEY_CFBundleDisplayName = PHINANZ;
				INFOPLIST_KEY_NSHumanReadableCopyright = "";
				IPHONEOS_DEPLOYMENT_TARGET = 26.4;
				LD_RUNPATH_SEARCH_PATHS = (
					"$(inherited)",
					"@executable_path/Frameworks",
					"@executable_path/../../Frameworks",
				);
				MARKETING_VERSION = 1.0;
				PRODUCT_BUNDLE_IDENTIFIER = Farhan.Phinanz.PhinanzWidget;
				PRODUCT_NAME = "$(TARGET_NAME)";
				SKIP_INSTALL = YES;
				STRING_CATALOG_GENERATE_SYMBOLS = YES;
				SWIFT_APPROACHABLE_CONCURRENCY = YES;
				SWIFT_EMIT_LOC_STRINGS = YES;
				SWIFT_VERSION = 5.0;
				TARGETED_DEVICE_FAMILY = "1,2";
			};
			name = Debug;
		};
		FA000000000000000000000A /* Release */ = {
			isa = XCBuildConfiguration;
			buildSettings = {
				CODE_SIGN_ENTITLEMENTS = PhinanzWidget/PhinanzWidget.entitlements;
				CODE_SIGN_STYLE = Automatic;
				CURRENT_PROJECT_VERSION = 1;
				GENERATE_INFOPLIST_FILE = YES;
				INFOPLIST_FILE = PhinanzWidget/Info.plist;
				INFOPLIST_KEY_CFBundleDisplayName = PHINANZ;
				INFOPLIST_KEY_NSHumanReadableCopyright = "";
				IPHONEOS_DEPLOYMENT_TARGET = 26.4;
				LD_RUNPATH_SEARCH_PATHS = (
					"$(inherited)",
					"@executable_path/Frameworks",
					"@executable_path/../../Frameworks",
				);
				MARKETING_VERSION = 1.0;
				PRODUCT_BUNDLE_IDENTIFIER = Farhan.Phinanz.PhinanzWidget;
				PRODUCT_NAME = "$(TARGET_NAME)";
				SKIP_INSTALL = YES;
				STRING_CATALOG_GENERATE_SYMBOLS = YES;
				SWIFT_APPROACHABLE_CONCURRENCY = YES;
				SWIFT_EMIT_LOC_STRINGS = YES;
				SWIFT_VERSION = 5.0;
				TARGETED_DEVICE_FAMILY = "1,2";
			};
			name = Release;
		};
/* End XCBuildConfiguration section */

/* Begin XCConfigurationList section */
		D80091732F8876800032B03A /* Build configuration list for PBXProject "Phinanz" */ = {
			isa = XCConfigurationList;
			buildConfigurations = (
				D800919F2F8876820032B03A /* Debug */,
				D80091A02F8876820032B03A /* Release */,
			);
			defaultConfigurationIsVisible = 0;
			defaultConfigurationName = Release;
		};
		D800919C2F8876820032B03A /* Build configuration list for PBXNativeTarget "Phinanz" */ = {
			isa = XCConfigurationList;
			buildConfigurations = (
				D800919D2F8876820032B03A /* Debug */,
				D800919E2F8876820032B03A /* Release */,
			);
			defaultConfigurationIsVisible = 0;
			defaultConfigurationName = Release;
		};
		D80091A12F8876820032B03A /* Build configuration list for PBXNativeTarget "PhinanzTests" */ = {
			isa = XCConfigurationList;
			buildConfigurations = (
				D80091A22F8876820032B03A /* Debug */,
				D80091A32F8876820032B03A /* Release */,
			);
			defaultConfigurationIsVisible = 0;
			defaultConfigurationName = Release;
		};
		D80091A42F8876820032B03A /* Build configuration list for PBXNativeTarget "PhinanzUITests" */ = {
			isa = XCConfigurationList;
			buildConfigurations = (
				D80091A52F8876820032B03A /* Debug */,
				D80091A62F8876820032B03A /* Release */,
			);
			defaultConfigurationIsVisible = 0;
			defaultConfigurationName = Release;
		};
		FA0000000000000000000008 /* Build configuration list for PBXNativeTarget "PhinanzWidgetExtension" */ = {
			isa = XCConfigurationList;
			buildConfigurations = (
				FA0000000000000000000009 /* Debug */,
				FA000000000000000000000A /* Release */,
			);
			defaultConfigurationIsVisible = 0;
			defaultConfigurationName = Release;
		};
/* End XCConfigurationList section */
	};
	rootObject = D80091702F8876800032B03A /* Project object */;
}
